
Microsoft Visual Studio Solution File, Format Version 12.00
# Visual Studio Version 17
VisualStudioVersion = 17.4.33213.308
MinimumVisualStudioVersion = 10.0.40219.1
Project("{FAE04EC0-301F-11D3-BF4B-00C04F79EFBC}") = "CorreiosRestSharp", "CorreiosRestSharp\CorreiosRestSharp.csproj", "{B2E9051B-4B76-4DFC-833E-9E436DD9BD37}"
EndProject
Global
	GlobalSection(SolutionConfigurationPlatforms) = preSolution
		Debug|Any CPU = Debug|Any CPU
		Release|Any CPU = Release|Any CPU
	EndGlobalSection
	GlobalSection(ProjectConfigurationPlatforms) = postSolution
		{B2E9051B-4B76-4DFC-833E-9E436DD9BD37}.Debug|Any CPU.ActiveCfg = Debug|Any CPU
		{B2E9051B-4B76-4DFC-833E-9E436DD9BD37}.Debug|Any CPU.Build.0 = Debug|Any CPU
		{B2E9051B-4B76-4DFC-833E-9E436DD9BD37}.Release|Any CPU.ActiveCfg = Release|Any CPU
		{B2E9051B-4B76-4DFC-833E-9E436DD9BD37}.Release|Any CPU.Build.0 = Release|Any CPU
	EndGlobalSection
	GlobalSection(SolutionProperties) = preSolution
		HideSolutionNode = FALSE
	EndGlobalSection
	GlobalSection(ExtensibilityGlobals) = postSolution
		SolutionGuid = {32D135BD-72C2-4BAA-B457-AEAD2B4B348A}
	EndGlobalSection
EndGlobal
